
Microsoft Visual Studio Solution File, Format Version 12.00
# Visual Studio Version 17
VisualStudioVersion = 17.11.35327.3
MinimumVisualStudioVersion = 10.0.40219.1
Project("{FAE04EC0-301F-11D3-BF4B-00C04F79EFBC}") = "Snake", "Snake\Snake.csproj", "{CCC986A1-DBF7-4111-A38F-0D0571CC63B5}"
EndProject
Global
	GlobalSection(SolutionConfigurationPlatforms) = preSolution
		Debug|Any CPU = Debug|Any CPU
		Release|Any CPU = Release|Any CPU
	EndGlobalSection
	GlobalSection(ProjectConfigurationPlatforms) = postSolution
		{CCC986A1-DBF7-4111-A38F-0D0571CC63B5}.Debug|Any CPU.ActiveCfg = Debug|Any CPU
		{CCC986A1-DBF7-4111-A38F-0D0571CC63B5}.Debug|Any CPU.Build.0 = Debug|Any CPU
		{CCC986A1-DBF7-4111-A38F-0D0571CC63B5}.Release|Any CPU.ActiveCfg = Release|Any CPU
		{CCC986A1-DBF7-4111-A38F-0D0571CC63B5}.Release|Any CPU.Build.0 = Release|Any CPU
	EndGlobalSection
	GlobalSection(SolutionProperties) = preSolution
		HideSolutionNode = FALSE
	EndGlobalSection
	GlobalSection(ExtensibilityGlobals) = postSolution
		SolutionGuid = {08D4CF49-2C5C-427F-960D-CFE4EA7F17F1}
	EndGlobalSection
EndGlobal
